// !$*UTF8*$!
{
	archiveVersion = 1;
	classes = {
	};
	objectVersion = 46;
	objects = {

/* Begin PBXBuildFile section */
		A185220E2041C146002FD25A /* AppDelegate.swift in Sources */ = {isa = PBXBuildFile; fileRef = A185220D2041C146002FD25A /* AppDelegate.swift */; };
		A18522102041C146002FD25A /* ViewController.swift in Sources */ = {isa = PBXBuildFile; fileRef = A185220F2041C146002FD25A /* ViewController.swift */; };
		A18522132041C146002FD25A /* Main.storyboard in Resources */ = {isa = PBXBuildFile; fileRef = A18522112041C146002FD25A /* Main.storyboard */; };
		A18522152041C146002FD25A /* Assets.xcassets in Resources */ = {isa = PBXBuildFile; fileRef = A18522142041C146002FD25A /* Assets.xcassets */; };
		A18522182041C146002FD25A /* LaunchScreen.storyboard in Resources */ = {isa = PBXBuildFile; fileRef = A18522162041C146002FD25A /* LaunchScreen.storyboard */; };
		A1FA60A620428D41001B0E6B /* 01 - Ok Jaanu - Title Song-(MyMp3Singer.net).mp3 in Resources */ = {isa = PBXBuildFile; fileRef = A1FA60A520428D41001B0E6B /* 01 - Ok Jaanu - Title Song-(MyMp3Singer.net).mp3 */; };
		A1FA60A920429865001B0E6B /* AVFoundation.framework in Frameworks */ = {isa = PBXBuildFile; fileRef = A1FA60A820429865001B0E6B /* AVFoundation.framework */; };
/* End PBXBuildFile section */

/* Begin PBXFileReference section */
		A185220A2041C146002FD25A /* MusicPlayerApp.app */ = {isa = PBXFileReference; explicitFileType = wrapper.application; includeInIndex = 0; path = MusicPlayerApp.app; sourceTree = BUILT_PRODUCTS_DIR; };
		A185220D2041C146002FD25A /* AppDelegate.swift */ = {isa = PBXFileReference; lastKnownFileType = sourcecode.swift; path = AppDelegate.swift; sourceTree = "<group>"; };
		A185220F2041C146002FD25A /* ViewController.swift */ = {isa = PBXFileReference; lastKnownFileType = sourcecode.swift; path = ViewController.swift; sourceTree = "<group>"; };
		A18522122041C146002FD25A /* Base */ = {isa = PBXFileReference; lastKnownFileType = file.storyboard; name = Base; path = Base.lproj/Main.storyboard; sourceTree = "<group>"; };
		A18522142041C146002FD25A /* Assets.xcassets */ = {isa = PBXFileReference; lastKnownFileType = folder.assetcatalog; path = Assets.xcassets; sourceTree = "<group>"; };
		A18522172041C146002FD25A /* Base */ = {isa = PBXFileReference; lastKnownFileType = file.storyboard; name = Base; path = Base.lproj/LaunchScreen.storyboard; sourceTree = "<group>"; };
		A18522192041C146002FD25A /* Info.plist */ = {isa = PBXFileReference; lastKnownFileType = text.plist.xml; path = Info.plist; sourceTree = "<group>"; };
		A1FA60A520428D41001B0E6B /* 01 - Ok Jaanu - Title Song-(MyMp3Singer.net).mp3 */ = {isa = PBXFileReference; lastKnownFileType = audio.mp3; path = "01 - Ok Jaanu - Title Song-(MyMp3Singer.net).mp3"; sourceTree = "<group>"; };
		A1FA60A820429865001B0E6B /* AVFoundation.framework */ = {isa = PBXFileReference; lastKnownFileType = wrapper.framework; name = AVFoundation.framework; path = System/Library/Frameworks/AVFoundation.framework; sourceTree = SDKROOT; };
/* End PBXFileReference section */

/* Begin PBXFrameworksBuildPhase section */
		A18522072041C146002FD25A /* Frameworks */ = {
			isa = PBXFrameworksBuildPhase;
			buildActionMask = 2147483647;
			files = (
				A1FA60A920429865001B0E6B /* AVFoundation.framework in Frameworks */,
			);
			runOnlyForDeploymentPostprocessing = 0;
		};
/* End PBXFrameworksBuildPhase section */

/* Begin PBXGroup section */
		A18522012041C146002FD25A = {
			isa = PBXGroup;
			children = (
				A185220C2041C146002FD25A /* MusicPlayerApp */,
				A185220B2041C146002FD25A /* Products */,
				A1FA60A720429865001B0E6B /* Frameworks */,
			);
			sourceTree = "<group>";
		};
		A185220B2041C146002FD25A /* Products */ = {
			isa = PBXGroup;
			children = (
				A185220A2041C146002FD25A /* MusicPlayerApp.app */,
			);
			name = Products;
			sourceTree = "<group>";
		};
		A185220C2041C146002FD25A /* MusicPlayerApp */ = {
			isa = PBXGroup;
			children = (
				A185220D2041C146002FD25A /* AppDelegate.swift */,
				A185220F2041C146002FD25A /* ViewController.swift */,
				A18522112041C146002FD25A /* Main.storyboard */,
				A18522142041C146002FD25A /* Assets.xcassets */,
				A18522162041C146002FD25A /* LaunchScreen.storyboard */,
				A18522192041C146002FD25A /* Info.plist */,
				A1FA60A420428D2B001B0E6B /* ResourceFile */,
			);
			path = MusicPlayerApp;
			sourceTree = "<group>";
		};
		A1FA60A420428D2B001B0E6B /* ResourceFile */ = {
			isa = PBXGroup;
			children = (
				A1FA60A520428D41001B0E6B /* 01 - Ok Jaanu - Title Song-(MyMp3Singer.net).mp3 */,
			);
			name = ResourceFile;
			sourceTree = "<group>";
		};
		A1FA60A720429865001B0E6B /* Frameworks */ = {
			isa = PBXGroup;
			children = (
				A1FA60A820429865001B0E6B /* AVFoundation.framework */,
			);
			name = Frameworks;
			sourceTree = "<group>";
		};
/* End PBXGroup section */

/* Begin PBXNativeTarget section */
		A18522092041C146002FD25A /* MusicPlayerApp */ = {
			isa = PBXNativeTarget;
			buildConfigurationList = A185221C2041C146002FD25A /* Build configuration list for PBXNativeTarget "MusicPlayerApp" */;
			buildPhases = (
				A18522062041C146002FD25A /* Sources */,
				A18522072041C146002FD25A /* Frameworks */,
				A18522082041C146002FD25A /* Resources */,
			);
			buildRules = (
			);
			dependencies = (
			);
			name = MusicPlayerApp;
			productName = MusicPlayerApp;
			productReference = A185220A2041C146002FD25A /* MusicPlayerApp.app */;
			productType = "com.apple.product-type.application";
		};
/* End PBXNativeTarget section */

/* Begin PBXProject section */
		A18522022041C146002FD25A /* Project object */ = {
			isa = PBXProject;
			attributes = {
				LastSwiftUpdateCheck = 0830;
				LastUpgradeCheck = 0830;
				ORGANIZATIONNAME = "ramjan sayyad";
				TargetAttributes = {
					A18522092041C146002FD25A = {
						CreatedOnToolsVersion = 8.3.3;
						DevelopmentTeam = 62YKTFE2C9;
						ProvisioningStyle = Automatic;
					};
				};
			};
			buildConfigurationList = A18522052041C146002FD25A /* Build configuration list for PBXProject "MusicPlayerApp" */;
			compatibilityVersion = "Xcode 3.2";
			developmentRegion = English;
			hasScannedForEncodings = 0;
			knownRegions = (
				en,
				Base,
			);
			mainGroup = A18522012041C146002FD25A;
			productRefGroup = A185220B2041C146002FD25A /* Products */;
			projectDirPath = "";
			projectRoot = "";
			targets = (
				A18522092041C146002FD25A /* MusicPlayerApp */,
			);
		};
/* End PBXProject section */

/* Begin PBXResourcesBuildPhase section */
		A18522082041C146002FD25A /* Resources */ = {
			isa = PBXResourcesBuildPhase;
			buildActionMask = 2147483647;
			files = (
				A1FA60A620428D41001B0E6B /* 01 - Ok Jaanu - Title Song-(MyMp3Singer.net).mp3 in Resources */,
				A18522182041C146002FD25A /* LaunchScreen.storyboard in Resources */,
				A18522152041C146002FD25A /* Assets.xcassets in Resources */,
				A18522132041C146002FD25A /* Main.storyboard in Resources */,
			);
			runOnlyForDeploymentPostprocessing = 0;
		};
/* End PBXResourcesBuildPhase section */

/* Begin PBXSourcesBuildPhase section */
		A18522062041C146002FD25A /* Sources */ = {
			isa = PBXSourcesBuildPhase;
			buildActionMask = 2147483647;
			files = (
				A18522102041C146002FD25A /* ViewController.swift in Sources */,
				A185220E2041C146002FD25A /* AppDelegate.swift in Sources */,
			);
			runOnlyForDeploymentPostprocessing = 0;
		};
/* End PBXSourcesBuildPhase section */

/* Begin PBXVariantGroup section */
		A18522112041C146002FD25A /* Main.storyboard */ = {
			isa = PBXVariantGroup;
			children = (
				A18522122041C146002FD25A /* Base */,
			);
			name = Main.storyboard;
			sourceTree = "<group>";
		};
		A18522162041C146002FD25A /* LaunchScreen.storyboard */ = {
			isa = PBXVariantGroup;
			children = (
				A18522172041C146002FD25A /* Base */,
			);
			name = LaunchScreen.storyboard;
			sourceTree = "<group>";
		};
/* End PBXVariantGroup section */

/* Begin XCBuildConfiguration section */
		A185221A2041C146002FD25A /* Debug */ = {
			isa = XCBuildConfiguration;
			buildSettings = {
				ALWAYS_SEARCH_USER_PATHS = NO;
				CLANG_ANALYZER_NONNULL = YES;
				CLANG_ANALYZER_NUMBER_OBJECT_CONVERSION = YES_AGGRESSIVE;
				CLANG_CXX_LANGUAGE_STANDARD = "gnu++0x";
				CLANG_CXX_LIBRARY = "libc++";
				CLANG_ENABLE_MODULES = YES;
				CLANG_ENABLE_OBJC_ARC = YES;
				CLANG_WARN_BOOL_CONVERSION = YES;
				CLANG_WARN_CONSTANT_CONVERSION = YES;
				CLANG_WARN_DIRECT_OBJC_ISA_USAGE = YES_ERROR;
				CLANG_WARN_DOCUMENTATION_COMMENTS = YES;
				CLANG_WARN_EMPTY_BODY = YES;
				CLANG_WARN_ENUM_CONVERSION = YES;
				CLANG_WARN_INFINITE_RECURSION = YES;
				CLANG_WARN_INT_CONVERSION = YES;
				CLANG_WARN_OBJC_ROOT_CLASS = YES_ERROR;
				CLANG_WARN_SUSPICIOUS_MOVE = YES;
				CLANG_WARN_UNREACHABLE_CODE = YES;
				CLANG_WARN__DUPLICATE_METHOD_MATCH = YES;
				"CODE_SIGN_IDENTITY[sdk=iphoneos*]" = "iPhone Developer";
				COPY_PHASE_STRIP = NO;
				DEBUG_ACTIVITY_MODE = "";
				"DEBUG_ACTIVITY_MODE[sdk=iphonesimulator*]" = disable;
				DEBUG_INFORMATION_FORMAT = dwarf;
				ENABLE_STRICT_OBJC_MSGSEND = YES;
				ENABLE_TESTABILITY = YES;
				GCC_C_LANGUAGE_STANDARD = gnu99;
				GCC_DYNAMIC_NO_PIC = NO;
				GCC_NO_COMMON_BLOCKS = YES;
				GCC_OPTIMIZATION_LEVEL = 0;
				GCC_PREPROCESSOR_DEFINITIONS = (
					"DEBUG=1",
					"$(inherited)",
				);
				GCC_WARN_64_TO_32_BIT_CONVERSION = YES;
				GCC_WARN_ABOUT_RETURN_TYPE = YES_ERROR;
				GCC_WARN_UNDECLARED_SELECTOR = YES;
				GCC_WARN_UNINITIALIZED_AUTOS = YES_AGGRESSIVE;
				GCC_WARN_UNUSED_FUNCTION = YES;
				GCC_WARN_UNUSED_VARIABLE = YES;
				IPHONEOS_DEPLOYMENT_TARGET = 10.3;
				MTL_ENABLE_DEBUG_INFO = YES;
				ONLY_ACTIVE_ARCH = YES;
				SDKROOT = iphoneos;
				SWIFT_ACTIVE_COMPILATION_CONDITIONS = DEBUG;
				SWIFT_OPTIMIZATION_LEVEL = "-Onone";
				TARGETED_DEVICE_FAMILY = "1,2";
			};
			name = Debug;
		};
		A185221B2041C146002FD25A /* Release */ = {
			isa = XCBuildConfiguration;
			buildSettings = {
				ALWAYS_SEARCH_USER_PATHS = NO;
				CLANG_ANALYZER_NONNULL = YES;
				CLANG_ANALYZER_NUMBER_OBJECT_CONVERSION = YES_AGGRESSIVE;
				CLANG_CXX_LANGUAGE_STANDARD = "gnu++0x";
				CLANG_CXX_LIBRARY = "libc++";
				CLANG_ENABLE_MODULES = YES;
				CLANG_ENABLE_OBJC_ARC = YES;
				CLANG_WARN_BOOL_CONVERSION = YES;
				CLANG_WARN_CONSTANT_CONVERSION = YES;
				CLANG_WARN_DIRECT_OBJC_ISA_USAGE = YES_ERROR;
				CLANG_WARN_DOCUMENTATION_COMMENTS = YES;
				CLANG_WARN_EMPTY_BODY = YES;
				CLANG_WARN_ENUM_CONVERSION = YES;
				CLANG_WARN_INFINITE_RECURSION = YES;
				CLANG_WARN_INT_CONVERSION = YES;
				CLANG_WARN_OBJC_ROOT_CLASS = YES_ERROR;
				CLANG_WARN_SUSPICIOUS_MOVE = YES;
				CLANG_WARN_UNREACHABLE_CODE = YES;
				CLANG_WARN__DUPLICATE_METHOD_MATCH = YES;
				"CODE_SIGN_IDENTITY[sdk=iphoneos*]" = "iPhone Developer";
				COPY_PHASE_STRIP = NO;
				DEBUG_ACTIVITY_MODE = "";
				DEBUG_INFORMATION_FORMAT = "dwarf-with-dsym";
				ENABLE_NS_ASSERTIONS = NO;
				ENABLE_STRICT_OBJC_MSGSEND = YES;
				GCC_C_LANGUAGE_STANDARD = gnu99;
				GCC_NO_COMMON_BLOCKS = YES;
				GCC_WARN_64_TO_32_BIT_CONVERSION = YES;
				GCC_WARN_ABOUT_RETURN_TYPE = YES_ERROR;
				GCC_WARN_UNDECLARED_SELECTOR = YES;
				GCC_WARN_UNINITIALIZED_AUTOS = YES_AGGRESSIVE;
				GCC_WARN_UNUSED_FUNCTION = YES;
				GCC_WARN_UNUSED_VARIABLE = YES;
				IPHONEOS_DEPLOYMENT_TARGET = 10.3;
				MTL_ENABLE_DEBUG_INFO = NO;
				SDKROOT = iphoneos;
				SWIFT_OPTIMIZATION_LEVEL = "-Owholemodule";
				TARGETED_DEVICE_FAMILY = "1,2";
				VALIDATE_PRODUCT = YES;
			};
			name = Release;
		};
		A185221D2041C146002FD25A /* Debug */ = {
			isa = XCBuildConfiguration;
			buildSettings = {
				ASSETCATALOG_COMPILER_APPICON_NAME = AppIcon;
				DEVELOPMENT_TEAM = 62YKTFE2C9;
				INFOPLIST_FILE = MusicPlayerApp/Info.plist;
				IPHONEOS_DEPLOYMENT_TARGET = 9.3;
				LD_RUNPATH_SEARCH_PATHS = "$(inherited) @executable_path/Frameworks";
				PRODUCT_BUNDLE_IDENTIFIER = com.RS.MusicPlayerApp;
				PRODUCT_NAME = "$(TARGET_NAME)";
				SWIFT_VERSION = 3.0;
			};
			name = Debug;
		};
		A185221E2041C146002FD25A /* Release */ = {
			isa = XCBuildConfiguration;
			buildSettings = {
				ASSETCATALOG_COMPILER_APPICON_NAME = AppIcon;
				DEVELOPMENT_TEAM = 62YKTFE2C9;
				INFOPLIST_FILE = MusicPlayerApp/Info.plist;
				IPHONEOS_DEPLOYMENT_TARGET = 9.3;
				LD_RUNPATH_SEARCH_PATHS = "$(inherited) @executable_path/Frameworks";
				PRODUCT_BUNDLE_IDENTIFIER = com.RS.MusicPlayerApp;
				PRODUCT_NAME = "$(TARGET_NAME)";
				SWIFT_VERSION = 3.0;
			};
			name = Release;
		};
/* End XCBuildConfiguration section */

/* Begin XCConfigurationList section */
		A18522052041C146002FD25A /* Build configuration list for PBXProject "MusicPlayerApp" */ = {
			isa = XCConfigurationList;
			buildConfigurations = (
				A185221A2041C146002FD25A /* Debug */,
				A185221B2041C146002FD25A /* Release */,
			);
			defaultConfigurationIsVisible = 0;
			defaultConfigurationName = Release;
		};
		A185221C2041C146002FD25A /* Build configuration list for PBXNativeTarget "MusicPlayerApp" */ = {
			isa = XCConfigurationList;
			buildConfigurations = (
				A185221D2041C146002FD25A /* Debug */,
				A185221E2041C146002FD25A /* Release */,
			);
			defaultConfigurationIsVisible = 0;
			defaultConfigurationName = Release;
		};
/* End XCConfigurationList section */
	};
	rootObject = A18522022041C146002FD25A /* Project object */;
}
